{
  "nodes": {
    "g14_patches": {
      "flake": false,
      "locked": {
        "lastModified": 1745749605,
        "narHash": "sha256-uZsgi4N1cbvk+t2FUAbvuaa1xyPNZfkS+U+Aot3r+GQ=",
        "owner": "asus-linux",
        "repo": "fedora-kernel",
        "rev": "d8741a476715f20b54c2cf9f6da7ee4237a1be1f",
        "type": "gitlab"
      },
      "original": {
        "owner": "asus-linux",
        "ref": "rog-6.14",
        "repo": "fedora-kernel",
        "type": "gitlab"
      }
    },
    "nixos-hardware": {
      "locked": {
        "lastModified": 1752666637,
        "narHash": "sha256-P8J72psdc/rWliIvp8jUpoQ6qRDlVzgSDDlgkaXQ0Fw=",
        "owner": "NixOS",
        "repo": "nixos-hardware",
        "rev": "d1bfa8f6ccfb5c383e1eba609c1eb67ca24ed153",
        "type": "github"
      },
      "original": {
        "owner": "NixOS",
        "ref": "master",
        "repo": "nixos-hardware",
        "type": "github"
      }
    },
    "nixpkgs": {
      "locked": {
        "lastModified": 1752950548,
        "narHash": "sha256-NS6BLD0lxOrnCiEOcvQCDVPXafX1/ek1dfJHX1nUIzc=",
        "owner": "nixos",
        "repo": "nixpkgs",
        "rev": "c87b95e25065c028d31a94f06a62927d18763fdf",
        "type": "github"
      },
      "original": {
        "owner": "nixos",
        "ref": "nixos-unstable",
        "repo": "nixpkgs",
        "type": "github"
      }
    },
    "root": {
      "inputs": {
        "g14_patches": "g14_patches",
        "nixos-hardware": "nixos-hardware",
        "nixpkgs": "nixpkgs"
      }
    }
  },
  "root": "root",
  "version": 7
}
